
Microsoft Visual Studio Solution File, Format Version 12.00
# Visual Studio Version 17
VisualStudioVersion = 17.1.32228.430
MinimumVisualStudioVersion = 10.0.40219.1
Project("{FAE04EC0-301F-11D3-BF4B-00C04F79EFBC}") = "Bhosphor Ecoshop", "Bhosphor Ecoshop.csproj", "{3640FAA9-5DCD-4DB7-A83B-64B9A073A4CF}"
EndProject
Global
	GlobalSection(SolutionConfigurationPlatforms) = preSolution
		Debug|Any CPU = Debug|Any CPU
		Release|Any CPU = Release|Any CPU
	EndGlobalSection
	GlobalSection(ProjectConfigurationPlatforms) = postSolution
		{3640FAA9-5DCD-4DB7-A83B-64B9A073A4CF}.Debug|Any CPU.ActiveCfg = Debug|Any CPU
		{3640FAA9-5DCD-4DB7-A83B-64B9A073A4CF}.Debug|Any CPU.Build.0 = Debug|Any CPU
		{3640FAA9-5DCD-4DB7-A83B-64B9A073A4CF}.Release|Any CPU.ActiveCfg = Release|Any CPU
		{3640FAA9-5DCD-4DB7-A83B-64B9A073A4CF}.Release|Any CPU.Build.0 = Release|Any CPU
	EndGlobalSection
	GlobalSection(SolutionProperties) = preSolution
		HideSolutionNode = FALSE
	EndGlobalSection
	GlobalSection(ExtensibilityGlobals) = postSolution
		SolutionGuid = {C1F1698A-61AC-41B8-9516-C30669DE303F}
	EndGlobalSection
EndGlobal
